
Microsoft Visual Studio Solution File, Format Version 12.00
# Visual Studio 15
VisualStudioVersion = 15.0.27604.0
MinimumVisualStudioVersion = 10.0.40219.1
Project("{FAE04EC0-301F-11D3-BF4B-00C04F79EFBC}") = "console-vessel-simulator", "console-vessel-simulator\console-vessel-simulator.csproj", "{188A71ED-FA94-4334-9E4B-02B3AF64776E}"
EndProject
Global
	GlobalSection(SolutionConfigurationPlatforms) = preSolution
		Debug|Any CPU = Debug|Any CPU
		Release|Any CPU = Release|Any CPU
	EndGlobalSection
	GlobalSection(ProjectConfigurationPlatforms) = postSolution
		{188A71ED-FA94-4334-9E4B-02B3AF64776E}.Debug|Any CPU.ActiveCfg = Debug|Any CPU
		{188A71ED-FA94-4334-9E4B-02B3AF64776E}.Debug|Any CPU.Build.0 = Debug|Any CPU
		{188A71ED-FA94-4334-9E4B-02B3AF64776E}.Release|Any CPU.ActiveCfg = Release|Any CPU
		{188A71ED-FA94-4334-9E4B-02B3AF64776E}.Release|Any CPU.Build.0 = Release|Any CPU
	EndGlobalSection
	GlobalSection(SolutionProperties) = preSolution
		HideSolutionNode = FALSE
	EndGlobalSection
	GlobalSection(ExtensibilityGlobals) = postSolution
		SolutionGuid = {E8CC582A-74EE-4414-853C-C36E20A13754}
	EndGlobalSection
EndGlobal
