
Microsoft Visual Studio Solution File, Format Version 12.00
# Visual Studio 15
VisualStudioVersion = 15.0.26124.0
MinimumVisualStudioVersion = 15.0.26124.0
Project("{FAE04EC0-301F-11D3-BF4B-00C04F79EFBC}") = "MQTT", "MQTT\MQTT.csproj", "{66B50A6C-B65C-4FDC-9CEF-8D660EA765D6}"
EndProject
Project("{FAE04EC0-301F-11D3-BF4B-00C04F79EFBC}") = "Ingestion", "Adapter\Ingestion\Ingestion.csproj", "{7EC07E61-C1E8-4D14-9CA7-352AA03D3EF9}"
EndProject
Project("{FAE04EC0-301F-11D3-BF4B-00C04F79EFBC}") = "Events", "Adapter\Events\Events.csproj", "{9D24A831-4E2E-460E-BC3B-59A7A7CECA6A}"
EndProject
Project("{FAE04EC0-301F-11D3-BF4B-00C04F79EFBC}") = "Domain", "Adapter\Domain\Domain.csproj", "{3E4741BF-157F-4ED9-8299-6CFC11FFD879}"
EndProject
Project("{2150E333-8FDC-42A3-9474-1A3956D46DE8}") = "Adapter", "Adapter", "{86DD39B8-DAE1-4BA1-8AB3-44D0749C4A47}"
EndProject
Project("{FAE04EC0-301F-11D3-BF4B-00C04F79EFBC}") = "ExternalEvents", "Adapter\ExternalEvents\ExternalEvents.csproj", "{08588A63-841A-41B3-9B7D-73E492938809}"
EndProject
Global
	GlobalSection(SolutionConfigurationPlatforms) = preSolution
		Debug|Any CPU = Debug|Any CPU
		Debug|x64 = Debug|x64
		Debug|x86 = Debug|x86
		Release|Any CPU = Release|Any CPU
		Release|x64 = Release|x64
		Release|x86 = Release|x86
	EndGlobalSection
	GlobalSection(SolutionProperties) = preSolution
		HideSolutionNode = FALSE
	EndGlobalSection
	GlobalSection(ProjectConfigurationPlatforms) = postSolution
		{66B50A6C-B65C-4FDC-9CEF-8D660EA765D6}.Debug|Any CPU.ActiveCfg = Debug|Any CPU
		{66B50A6C-B65C-4FDC-9CEF-8D660EA765D6}.Debug|Any CPU.Build.0 = Debug|Any CPU
		{66B50A6C-B65C-4FDC-9CEF-8D660EA765D6}.Debug|x64.ActiveCfg = Debug|Any CPU
		{66B50A6C-B65C-4FDC-9CEF-8D660EA765D6}.Debug|x64.Build.0 = Debug|Any CPU
		{66B50A6C-B65C-4FDC-9CEF-8D660EA765D6}.Debug|x86.ActiveCfg = Debug|Any CPU
		{66B50A6C-B65C-4FDC-9CEF-8D660EA765D6}.Debug|x86.Build.0 = Debug|Any CPU
		{66B50A6C-B65C-4FDC-9CEF-8D660EA765D6}.Release|Any CPU.ActiveCfg = Release|Any CPU
		{66B50A6C-B65C-4FDC-9CEF-8D660EA765D6}.Release|Any CPU.Build.0 = Release|Any CPU
		{66B50A6C-B65C-4FDC-9CEF-8D660EA765D6}.Release|x64.ActiveCfg = Release|Any CPU
		{66B50A6C-B65C-4FDC-9CEF-8D660EA765D6}.Release|x64.Build.0 = Release|Any CPU
		{66B50A6C-B65C-4FDC-9CEF-8D660EA765D6}.Release|x86.ActiveCfg = Release|Any CPU
		{66B50A6C-B65C-4FDC-9CEF-8D660EA765D6}.Release|x86.Build.0 = Release|Any CPU
		{7EC07E61-C1E8-4D14-9CA7-352AA03D3EF9}.Debug|Any CPU.ActiveCfg = Debug|Any CPU
		{7EC07E61-C1E8-4D14-9CA7-352AA03D3EF9}.Debug|Any CPU.Build.0 = Debug|Any CPU
		{7EC07E61-C1E8-4D14-9CA7-352AA03D3EF9}.Debug|x64.ActiveCfg = Debug|Any CPU
		{7EC07E61-C1E8-4D14-9CA7-352AA03D3EF9}.Debug|x64.Build.0 = Debug|Any CPU
		{7EC07E61-C1E8-4D14-9CA7-352AA03D3EF9}.Debug|x86.ActiveCfg = Debug|Any CPU
		{7EC07E61-C1E8-4D14-9CA7-352AA03D3EF9}.Debug|x86.Build.0 = Debug|Any CPU
		{7EC07E61-C1E8-4D14-9CA7-352AA03D3EF9}.Release|Any CPU.ActiveCfg = Release|Any CPU
		{7EC07E61-C1E8-4D14-9CA7-352AA03D3EF9}.Release|Any CPU.Build.0 = Release|Any CPU
		{7EC07E61-C1E8-4D14-9CA7-352AA03D3EF9}.Release|x64.ActiveCfg = Release|Any CPU
		{7EC07E61-C1E8-4D14-9CA7-352AA03D3EF9}.Release|x64.Build.0 = Release|Any CPU
		{7EC07E61-C1E8-4D14-9CA7-352AA03D3EF9}.Release|x86.ActiveCfg = Release|Any CPU
		{7EC07E61-C1E8-4D14-9CA7-352AA03D3EF9}.Release|x86.Build.0 = Release|Any CPU
		{9D24A831-4E2E-460E-BC3B-59A7A7CECA6A}.Debug|Any CPU.ActiveCfg = Debug|Any CPU
		{9D24A831-4E2E-460E-BC3B-59A7A7CECA6A}.Debug|Any CPU.Build.0 = Debug|Any CPU
		{9D24A831-4E2E-460E-BC3B-59A7A7CECA6A}.Debug|x64.ActiveCfg = Debug|Any CPU
		{9D24A831-4E2E-460E-BC3B-59A7A7CECA6A}.Debug|x64.Build.0 = Debug|Any CPU
		{9D24A831-4E2E-460E-BC3B-59A7A7CECA6A}.Debug|x86.ActiveCfg = Debug|Any CPU
		{9D24A831-4E2E-460E-BC3B-59A7A7CECA6A}.Debug|x86.Build.0 = Debug|Any CPU
		{9D24A831-4E2E-460E-BC3B-59A7A7CECA6A}.Release|Any CPU.ActiveCfg = Release|Any CPU
		{9D24A831-4E2E-460E-BC3B-59A7A7CECA6A}.Release|Any CPU.Build.0 = Release|Any CPU
		{9D24A831-4E2E-460E-BC3B-59A7A7CECA6A}.Release|x64.ActiveCfg = Release|Any CPU
		{9D24A831-4E2E-460E-BC3B-59A7A7CECA6A}.Release|x64.Build.0 = Release|Any CPU
		{9D24A831-4E2E-460E-BC3B-59A7A7CECA6A}.Release|x86.ActiveCfg = Release|Any CPU
		{9D24A831-4E2E-460E-BC3B-59A7A7CECA6A}.Release|x86.Build.0 = Release|Any CPU
		{3E4741BF-157F-4ED9-8299-6CFC11FFD879}.Debug|Any CPU.ActiveCfg = Debug|Any CPU
		{3E4741BF-157F-4ED9-8299-6CFC11FFD879}.Debug|Any CPU.Build.0 = Debug|Any CPU
		{3E4741BF-157F-4ED9-8299-6CFC11FFD879}.Debug|x64.ActiveCfg = Debug|Any CPU
		{3E4741BF-157F-4ED9-8299-6CFC11FFD879}.Debug|x64.Build.0 = Debug|Any CPU
		{3E4741BF-157F-4ED9-8299-6CFC11FFD879}.Debug|x86.ActiveCfg = Debug|Any CPU
		{3E4741BF-157F-4ED9-8299-6CFC11FFD879}.Debug|x86.Build.0 = Debug|Any CPU
		{3E4741BF-157F-4ED9-8299-6CFC11FFD879}.Release|Any CPU.ActiveCfg = Release|Any CPU
		{3E4741BF-157F-4ED9-8299-6CFC11FFD879}.Release|Any CPU.Build.0 = Release|Any CPU
		{3E4741BF-157F-4ED9-8299-6CFC11FFD879}.Release|x64.ActiveCfg = Release|Any CPU
		{3E4741BF-157F-4ED9-8299-6CFC11FFD879}.Release|x64.Build.0 = Release|Any CPU
		{3E4741BF-157F-4ED9-8299-6CFC11FFD879}.Release|x86.ActiveCfg = Release|Any CPU
		{3E4741BF-157F-4ED9-8299-6CFC11FFD879}.Release|x86.Build.0 = Release|Any CPU
		{08588A63-841A-41B3-9B7D-73E492938809}.Debug|Any CPU.ActiveCfg = Debug|Any CPU
		{08588A63-841A-41B3-9B7D-73E492938809}.Debug|Any CPU.Build.0 = Debug|Any CPU
		{08588A63-841A-41B3-9B7D-73E492938809}.Debug|x64.ActiveCfg = Debug|Any CPU
		{08588A63-841A-41B3-9B7D-73E492938809}.Debug|x64.Build.0 = Debug|Any CPU
		{08588A63-841A-41B3-9B7D-73E492938809}.Debug|x86.ActiveCfg = Debug|Any CPU
		{08588A63-841A-41B3-9B7D-73E492938809}.Debug|x86.Build.0 = Debug|Any CPU
		{08588A63-841A-41B3-9B7D-73E492938809}.Release|Any CPU.ActiveCfg = Release|Any CPU
		{08588A63-841A-41B3-9B7D-73E492938809}.Release|Any CPU.Build.0 = Release|Any CPU
		{08588A63-841A-41B3-9B7D-73E492938809}.Release|x64.ActiveCfg = Release|Any CPU
		{08588A63-841A-41B3-9B7D-73E492938809}.Release|x64.Build.0 = Release|Any CPU
		{08588A63-841A-41B3-9B7D-73E492938809}.Release|x86.ActiveCfg = Release|Any CPU
		{08588A63-841A-41B3-9B7D-73E492938809}.Release|x86.Build.0 = Release|Any CPU
	EndGlobalSection
	GlobalSection(NestedProjects) = preSolution
		{08588A63-841A-41B3-9B7D-73E492938809} = {86DD39B8-DAE1-4BA1-8AB3-44D0749C4A47}
	EndGlobalSection
EndGlobal
